// !$*UTF8*$!
{
	archiveVersion = 1;
	classes = {
	};
	objectVersion = 46;
	objects = {

/* Begin PBXBuildFile section */
		8033E3361EA4F1EE00117725 /* AppDelegate.swift in Sources */ = {isa = PBXBuildFile; fileRef = 8033E3351EA4F1EE00117725 /* AppDelegate.swift */; };
		8033E3381EA4F1EE00117725 /* RootViewController.swift in Sources */ = {isa = PBXBuildFile; fileRef = 8033E3371EA4F1EE00117725 /* RootViewController.swift */; };
		8033E33A1EA4F1EF00117725 /* DataViewController.swift in Sources */ = {isa = PBXBuildFile; fileRef = 8033E3391EA4F1EE00117725 /* DataViewController.swift */; };
		8033E33C1EA4F1EF00117725 /* ModelController.swift in Sources */ = {isa = PBXBuildFile; fileRef = 8033E33B1EA4F1EF00117725 /* ModelController.swift */; };
		8033E33F1EA4F1EF00117725 /* Main.storyboard in Resources */ = {isa = PBXBuildFile; fileRef = 8033E33D1EA4F1EF00117725 /* Main.storyboard */; };
		8033E3411EA4F1EF00117725 /* Assets.xcassets in Resources */ = {isa = PBXBuildFile; fileRef = 8033E3401EA4F1EF00117725 /* Assets.xcassets */; };
		8033E3441EA4F1EF00117725 /* LaunchScreen.storyboard in Resources */ = {isa = PBXBuildFile; fileRef = 8033E3421EA4F1EF00117725 /* LaunchScreen.storyboard */; };
		8033E34F1EA4F1EF00117725 /* musicapplicationTests.swift in Sources */ = {isa = PBXBuildFile; fileRef = 8033E34E1EA4F1EF00117725 /* musicapplicationTests.swift */; };
		8033E35A1EA4F1EF00117725 /* musicapplicationUITests.swift in Sources */ = {isa = PBXBuildFile; fileRef = 8033E3591EA4F1EF00117725 /* musicapplicationUITests.swift */; };
/* End PBXBuildFile section */

/* Begin PBXContainerItemProxy section */
		8033E34B1EA4F1EF00117725 /* PBXContainerItemProxy */ = {
			isa = PBXContainerItemProxy;
			containerPortal = 8033E32A1EA4F1EE00117725 /* Project object */;
			proxyType = 1;
			remoteGlobalIDString = 8033E3311EA4F1EE00117725;
			remoteInfo = musicapplication;
		};
		8033E3561EA4F1EF00117725 /* PBXContainerItemProxy */ = {
			isa = PBXContainerItemProxy;
			containerPortal = 8033E32A1EA4F1EE00117725 /* Project object */;
			proxyType = 1;
			remoteGlobalIDString = 8033E3311EA4F1EE00117725;
			remoteInfo = musicapplication;
		};
/* End PBXContainerItemProxy section */

/* Begin PBXFileReference section */
		8033E3321EA4F1EE00117725 /* musicapplication.app */ = {isa = PBXFileReference; explicitFileType = wrapper.application; includeInIndex = 0; path = musicapplication.app; sourceTree = BUILT_PRODUCTS_DIR; };
		8033E3351EA4F1EE00117725 /* AppDelegate.swift */ = {isa = PBXFileReference; lastKnownFileType = sourcecode.swift; path = AppDelegate.swift; sourceTree = "<group>"; };
		8033E3371EA4F1EE00117725 /* RootViewController.swift */ = {isa = PBXFileReference; lastKnownFileType = sourcecode.swift; path = RootViewController.swift; sourceTree = "<group>"; };
		8033E3391EA4F1EE00117725 /* DataViewController.swift */ = {isa = PBXFileReference; lastKnownFileType = sourcecode.swift; path = DataViewController.swift; sourceTree = "<group>"; };
		8033E33B1EA4F1EF00117725 /* ModelController.swift */ = {isa = PBXFileReference; lastKnownFileType = sourcecode.swift; path = ModelController.swift; sourceTree = "<group>"; };
		8033E33E1EA4F1EF00117725 /* Base */ = {isa = PBXFileReference; lastKnownFileType = file.storyboard; name = Base; path = Base.lproj/Main.storyboard; sourceTree = "<group>"; };
		8033E3401EA4F1EF00117725 /* Assets.xcassets */ = {isa = PBXFileReference; lastKnownFileType = folder.assetcatalog; path = Assets.xcassets; sourceTree = "<group>"; };
		8033E3431EA4F1EF00117725 /* Base */ = {isa = PBXFileReference; lastKnownFileType = file.storyboard; name = Base; path = Base.lproj/LaunchScreen.storyboard; sourceTree = "<group>"; };
		8033E3451EA4F1EF00117725 /* Info.plist */ = {isa = PBXFileReference; lastKnownFileType = text.plist.xml; path = Info.plist; sourceTree = "<group>"; };
		8033E34A1EA4F1EF00117725 /* musicapplicationTests.xctest */ = {isa = PBXFileReference; explicitFileType = wrapper.cfbundle; includeInIndex = 0; path = musicapplicationTests.xctest; sourceTree = BUILT_PRODUCTS_DIR; };
		8033E34E1EA4F1EF00117725 /* musicapplicationTests.swift */ = {isa = PBXFileReference; lastKnownFileType = sourcecode.swift; path = musicapplicationTests.swift; sourceTree = "<group>"; };
		8033E3501EA4F1EF00117725 /* Info.plist */ = {isa = PBXFileReference; lastKnownFileType = text.plist.xml; path = Info.plist; sourceTree = "<group>"; };
		8033E3551EA4F1EF00117725 /* musicapplicationUITests.xctest */ = {isa = PBXFileReference; explicitFileType = wrapper.cfbundle; includeInIndex = 0; path = musicapplicationUITests.xctest; sourceTree = BUILT_PRODUCTS_DIR; };
		8033E3591EA4F1EF00117725 /* musicapplicationUITests.swift */ = {isa = PBXFileReference; lastKnownFileType = sourcecode.swift; path = musicapplicationUITests.swift; sourceTree = "<group>"; };
		8033E35B1EA4F1EF00117725 /* Info.plist */ = {isa = PBXFileReference; lastKnownFileType = text.plist.xml; path = Info.plist; sourceTree = "<group>"; };
/* End PBXFileReference section */

/* Begin PBXFrameworksBuildPhase section */
		8033E32F1EA4F1EE00117725 /* Frameworks */ = {
			isa = PBXFrameworksBuildPhase;
			buildActionMask = 2147483647;
			files = (
			);
			runOnlyForDeploymentPostprocessing = 0;
		};
		8033E3471EA4F1EF00117725 /* Frameworks */ = {
			isa = PBXFrameworksBuildPhase;
			buildActionMask = 2147483647;
			files = (
			);
			runOnlyForDeploymentPostprocessing = 0;
		};
		8033E3521EA4F1EF00117725 /* Frameworks */ = {
			isa = PBXFrameworksBuildPhase;
			buildActionMask = 2147483647;
			files = (
			);
			runOnlyForDeploymentPostprocessing = 0;
		};
/* End PBXFrameworksBuildPhase section */

/* Begin PBXGroup section */
		8033E3291EA4F1EE00117725 = {
			isa = PBXGroup;
			children = (
				8033E3341EA4F1EE00117725 /* musicapplication */,
				8033E34D1EA4F1EF00117725 /* musicapplicationTests */,
				8033E3581EA4F1EF00117725 /* musicapplicationUITests */,
				8033E3331EA4F1EE00117725 /* Products */,
			);
			sourceTree = "<group>";
		};
		8033E3331EA4F1EE00117725 /* Products */ = {
			isa = PBXGroup;
			children = (
				8033E3321EA4F1EE00117725 /* musicapplication.app */,
				8033E34A1EA4F1EF00117725 /* musicapplicationTests.xctest */,
				8033E3551EA4F1EF00117725 /* musicapplicationUITests.xctest */,
			);
			name = Products;
			sourceTree = "<group>";
		};
		8033E3341EA4F1EE00117725 /* musicapplication */ = {
			isa = PBXGroup;
			children = (
				8033E3351EA4F1EE00117725 /* AppDelegate.swift */,
				8033E3371EA4F1EE00117725 /* RootViewController.swift */,
				8033E3391EA4F1EE00117725 /* DataViewController.swift */,
				8033E33B1EA4F1EF00117725 /* ModelController.swift */,
				8033E33D1EA4F1EF00117725 /* Main.storyboard */,
				8033E3401EA4F1EF00117725 /* Assets.xcassets */,
				8033E3421EA4F1EF00117725 /* LaunchScreen.storyboard */,
				8033E3451EA4F1EF00117725 /* Info.plist */,
			);
			path = musicapplication;
			sourceTree = "<group>";
		};
		8033E34D1EA4F1EF00117725 /* musicapplicationTests */ = {
			isa = PBXGroup;
			children = (
				8033E34E1EA4F1EF00117725 /* musicapplicationTests.swift */,
				8033E3501EA4F1EF00117725 /* Info.plist */,
			);
			path = musicapplicationTests;
			sourceTree = "<group>";
		};
		8033E3581EA4F1EF00117725 /* musicapplicationUITests */ = {
			isa = PBXGroup;
			children = (
				8033E3591EA4F1EF00117725 /* musicapplicationUITests.swift */,
				8033E35B1EA4F1EF00117725 /* Info.plist */,
			);
			path = musicapplicationUITests;
			sourceTree = "<group>";
		};
/* End PBXGroup section */

/* Begin PBXNativeTarget section */
		8033E3311EA4F1EE00117725 /* musicapplication */ = {
			isa = PBXNativeTarget;
			buildConfigurationList = 8033E35E1EA4F1EF00117725 /* Build configuration list for PBXNativeTarget "musicapplication" */;
			buildPhases = (
				8033E32E1EA4F1EE00117725 /* Sources */,
				8033E32F1EA4F1EE00117725 /* Frameworks */,
				8033E3301EA4F1EE00117725 /* Resources */,
			);
			buildRules = (
			);
			dependencies = (
			);
			name = musicapplication;
			productName = musicapplication;
			productReference = 8033E3321EA4F1EE00117725 /* musicapplication.app */;
			productType = "com.apple.product-type.application";
		};
		8033E3491EA4F1EF00117725 /* musicapplicationTests */ = {
			isa = PBXNativeTarget;
			buildConfigurationList = 8033E3611EA4F1EF00117725 /* Build configuration list for PBXNativeTarget "musicapplicationTests" */;
			buildPhases = (
				8033E3461EA4F1EF00117725 /* Sources */,
				8033E3471EA4F1EF00117725 /* Frameworks */,
				8033E3481EA4F1EF00117725 /* Resources */,
			);
			buildRules = (
			);
			dependencies = (
				8033E34C1EA4F1EF00117725 /* PBXTargetDependency */,
			);
			name = musicapplicationTests;
			productName = musicapplicationTests;
			productReference = 8033E34A1EA4F1EF00117725 /* musicapplicationTests.xctest */;
			productType = "com.apple.product-type.bundle.unit-test";
		};
		8033E3541EA4F1EF00117725 /* musicapplicationUITests */ = {
			isa = PBXNativeTarget;
			buildConfigurationList = 8033E3641EA4F1EF00117725 /* Build configuration list for PBXNativeTarget "musicapplicationUITests" */;
			buildPhases = (
				8033E3511EA4F1EF00117725 /* Sources */,
				8033E3521EA4F1EF00117725 /* Frameworks */,
				8033E3531EA4F1EF00117725 /* Resources */,
			);
			buildRules = (
			);
			dependencies = (
				8033E3571EA4F1EF00117725 /* PBXTargetDependency */,
			);
			name = musicapplicationUITests;
			productName = musicapplicationUITests;
			productReference = 8033E3551EA4F1EF00117725 /* musicapplicationUITests.xctest */;
			productType = "com.apple.product-type.bundle.ui-testing";
		};
/* End PBXNativeTarget section */

/* Begin PBXProject section */
		8033E32A1EA4F1EE00117725 /* Project object */ = {
			isa = PBXProject;
			attributes = {
				LastSwiftUpdateCheck = 0830;
				LastUpgradeCheck = 0830;
				ORGANIZATIONNAME = "Tanay Srivastava";
				TargetAttributes = {
					8033E3311EA4F1EE00117725 = {
						CreatedOnToolsVersion = 8.3.1;
						DevelopmentTeam = L7987U8NQB;
						ProvisioningStyle = Automatic;
					};
					8033E3491EA4F1EF00117725 = {
						CreatedOnToolsVersion = 8.3.1;
						DevelopmentTeam = L7987U8NQB;
						ProvisioningStyle = Automatic;
						TestTargetID = 8033E3311EA4F1EE00117725;
					};
					8033E3541EA4F1EF00117725 = {
						CreatedOnToolsVersion = 8.3.1;
						DevelopmentTeam = L7987U8NQB;
						ProvisioningStyle = Automatic;
						TestTargetID = 8033E3311EA4F1EE00117725;
					};
				};
			};
			buildConfigurationList = 8033E32D1EA4F1EE00117725 /* Build configuration list for PBXProject "musicapplication" */;
			compatibilityVersion = "Xcode 3.2";
			developmentRegion = English;
			hasScannedForEncodings = 0;
			knownRegions = (
				en,
				Base,
			);
			mainGroup = 8033E3291EA4F1EE00117725;
			productRefGroup = 8033E3331EA4F1EE00117725 /* Products */;
			projectDirPath = "";
			projectRoot = "";
			targets = (
				8033E3311EA4F1EE00117725 /* musicapplication */,
				8033E3491EA4F1EF00117725 /* musicapplicationTests */,
				8033E3541EA4F1EF00117725 /* musicapplicationUITests */,
			);
		};
/* End PBXProject section */

/* Begin PBXResourcesBuildPhase section */
		8033E3301EA4F1EE00117725 /* Resources */ = {
			isa = PBXResourcesBuildPhase;
			buildActionMask = 2147483647;
			files = (
				8033E3441EA4F1EF00117725 /* LaunchScreen.storyboard in Resources */,
				8033E3411EA4F1EF00117725 /* Assets.xcassets in Resources */,
				8033E33F1EA4F1EF00117725 /* Main.storyboard in Resources */,
			);
			runOnlyForDeploymentPostprocessing = 0;
		};
		8033E3481EA4F1EF00117725 /* Resources */ = {
			isa = PBXResourcesBuildPhase;
			buildActionMask = 2147483647;
			files = (
			);
			runOnlyForDeploymentPostprocessing = 0;
		};
		8033E3531EA4F1EF00117725 /* Resources */ = {
			isa = PBXResourcesBuildPhase;
			buildActionMask = 2147483647;
			files = (
			);
			runOnlyForDeploymentPostprocessing = 0;
		};
/* End PBXResourcesBuildPhase section */

/* Begin PBXSourcesBuildPhase section */
		8033E32E1EA4F1EE00117725 /* Sources */ = {
			isa = PBXSourcesBuildPhase;
			buildActionMask = 2147483647;
			files = (
				8033E3381EA4F1EE00117725 /* RootViewController.swift in Sources */,
				8033E33C1EA4F1EF00117725 /* ModelController.swift in Sources */,
				8033E33A1EA4F1EF00117725 /* DataViewController.swift in Sources */,
				8033E3361EA4F1EE00117725 /* AppDelegate.swift in Sources */,
			);
			runOnlyForDeploymentPostprocessing = 0;
		};
		8033E3461EA4F1EF00117725 /* Sources */ = {
			isa = PBXSourcesBuildPhase;
			buildActionMask = 2147483647;
			files = (
				8033E34F1EA4F1EF00117725 /* musicapplicationTests.swift in Sources */,
			);
			runOnlyForDeploymentPostprocessing = 0;
		};
		8033E3511EA4F1EF00117725 /* Sources */ = {
			isa = PBXSourcesBuildPhase;
			buildActionMask = 2147483647;
			files = (
				8033E35A1EA4F1EF00117725 /* musicapplicationUITests.swift in Sources */,
			);
			runOnlyForDeploymentPostprocessing = 0;
		};
/* End PBXSourcesBuildPhase section */

/* Begin PBXTargetDependency section */
		8033E34C1EA4F1EF00117725 /* PBXTargetDependency */ = {
			isa = PBXTargetDependency;
			target = 8033E3311EA4F1EE00117725 /* musicapplication */;
			targetProxy = 8033E34B1EA4F1EF00117725 /* PBXContainerItemProxy */;
		};
		8033E3571EA4F1EF00117725 /* PBXTargetDependency */ = {
			isa = PBXTargetDependency;
			target = 8033E3311EA4F1EE00117725 /* musicapplication */;
			targetProxy = 8033E3561EA4F1EF00117725 /* PBXContainerItemProxy */;
		};
/* End PBXTargetDependency section */

/* Begin PBXVariantGroup section */
		8033E33D1EA4F1EF00117725 /* Main.storyboard */ = {
			isa = PBXVariantGroup;
			children = (
				8033E33E1EA4F1EF00117725 /* Base */,
			);
			name = Main.storyboard;
			sourceTree = "<group>";
		};
		8033E3421EA4F1EF00117725 /* LaunchScreen.storyboard */ = {
			isa = PBXVariantGroup;
			children = (
				8033E3431EA4F1EF00117725 /* Base */,
			);
			name = LaunchScreen.storyboard;
			sourceTree = "<group>";
		};
/* End PBXVariantGroup section */

/* Begin XCBuildConfiguration section */
		8033E35C1EA4F1EF00117725 /* Debug */ = {
			isa = XCBuildConfiguration;
			buildSettings = {
				ALWAYS_SEARCH_USER_PATHS = NO;
				CLANG_ANALYZER_NONNULL = YES;
				CLANG_ANALYZER_NUMBER_OBJECT_CONVERSION = YES_AGGRESSIVE;
				CLANG_CXX_LANGUAGE_STANDARD = "gnu++0x";
				CLANG_CXX_LIBRARY = "libc++";
				CLANG_ENABLE_MODULES = YES;
				CLANG_ENABLE_OBJC_ARC = YES;
				CLANG_WARN_BOOL_CONVERSION = YES;
				CLANG_WARN_CONSTANT_CONVERSION = YES;
				CLANG_WARN_DIRECT_OBJC_ISA_USAGE = YES_ERROR;
				CLANG_WARN_DOCUMENTATION_COMMENTS = YES;
				CLANG_WARN_EMPTY_BODY = YES;
				CLANG_WARN_ENUM_CONVERSION = YES;
				CLANG_WARN_INFINITE_RECURSION = YES;
				CLANG_WARN_INT_CONVERSION = YES;
				CLANG_WARN_OBJC_ROOT_CLASS = YES_ERROR;
				CLANG_WARN_SUSPICIOUS_MOVE = YES;
				CLANG_WARN_UNREACHABLE_CODE = YES;
				CLANG_WARN__DUPLICATE_METHOD_MATCH = YES;
				"CODE_SIGN_IDENTITY[sdk=iphoneos*]" = "iPhone Developer";
				COPY_PHASE_STRIP = NO;
				DEBUG_INFORMATION_FORMAT = dwarf;
				ENABLE_STRICT_OBJC_MSGSEND = YES;
				ENABLE_TESTABILITY = YES;
				GCC_C_LANGUAGE_STANDARD = gnu99;
				GCC_DYNAMIC_NO_PIC = NO;
				GCC_NO_COMMON_BLOCKS = YES;
				GCC_OPTIMIZATION_LEVEL = 0;
				GCC_PREPROCESSOR_DEFINITIONS = (
					"DEBUG=1",
					"$(inherited)",
				);
				GCC_WARN_64_TO_32_BIT_CONVERSION = YES;
				GCC_WARN_ABOUT_RETURN_TYPE = YES_ERROR;
				GCC_WARN_UNDECLARED_SELECTOR = YES;
				GCC_WARN_UNINITIALIZED_AUTOS = YES_AGGRESSIVE;
				GCC_WARN_UNUSED_FUNCTION = YES;
				GCC_WARN_UNUSED_VARIABLE = YES;
				IPHONEOS_DEPLOYMENT_TARGET = 10.3;
				MTL_ENABLE_DEBUG_INFO = YES;
				ONLY_ACTIVE_ARCH = YES;
				SDKROOT = iphoneos;
				SWIFT_ACTIVE_COMPILATION_CONDITIONS = DEBUG;
				SWIFT_OPTIMIZATION_LEVEL = "-Onone";
				TARGETED_DEVICE_FAMILY = "1,2";
			};
			name = Debug;
		};
		8033E35D1EA4F1EF00117725 /* Release */ = {
			isa = XCBuildConfiguration;
			buildSettings = {
				ALWAYS_SEARCH_USER_PATHS = NO;
				CLANG_ANALYZER_NONNULL = YES;
				CLANG_ANALYZER_NUMBER_OBJECT_CONVERSION = YES_AGGRESSIVE;
				CLANG_CXX_LANGUAGE_STANDARD = "gnu++0x";
				CLANG_CXX_LIBRARY = "libc++";
				CLANG_ENABLE_MODULES = YES;
				CLANG_ENABLE_OBJC_ARC = YES;
				CLANG_WARN_BOOL_CONVERSION = YES;
				CLANG_WARN_CONSTANT_CONVERSION = YES;
				CLANG_WARN_DIRECT_OBJC_ISA_USAGE = YES_ERROR;
				CLANG_WARN_DOCUMENTATION_COMMENTS = YES;
				CLANG_WARN_EMPTY_BODY = YES;
				CLANG_WARN_ENUM_CONVERSION = YES;
				CLANG_WARN_INFINITE_RECURSION = YES;
				CLANG_WARN_INT_CONVERSION = YES;
				CLANG_WARN_OBJC_ROOT_CLASS = YES_ERROR;
				CLANG_WARN_SUSPICIOUS_MOVE = YES;
				CLANG_WARN_UNREACHABLE_CODE = YES;
				CLANG_WARN__DUPLICATE_METHOD_MATCH = YES;
				"CODE_SIGN_IDENTITY[sdk=iphoneos*]" = "iPhone Developer";
				COPY_PHASE_STRIP = NO;
				DEBUG_INFORMATION_FORMAT = "dwarf-with-dsym";
				ENABLE_NS_ASSERTIONS = NO;
				ENABLE_STRICT_OBJC_MSGSEND = YES;
				GCC_C_LANGUAGE_STANDARD = gnu99;
				GCC_NO_COMMON_BLOCKS = YES;
				GCC_WARN_64_TO_32_BIT_CONVERSION = YES;
				GCC_WARN_ABOUT_RETURN_TYPE = YES_ERROR;
				GCC_WARN_UNDECLARED_SELECTOR = YES;
				GCC_WARN_UNINITIALIZED_AUTOS = YES_AGGRESSIVE;
				GCC_WARN_UNUSED_FUNCTION = YES;
				GCC_WARN_UNUSED_VARIABLE = YES;
				IPHONEOS_DEPLOYMENT_TARGET = 10.3;
				MTL_ENABLE_DEBUG_INFO = NO;
				SDKROOT = iphoneos;
				SWIFT_OPTIMIZATION_LEVEL = "-Owholemodule";
				TARGETED_DEVICE_FAMILY = "1,2";
				VALIDATE_PRODUCT = YES;
			};
			name = Release;
		};
		8033E35F1EA4F1EF00117725 /* Debug */ = {
			isa = XCBuildConfiguration;
			buildSettings = {
				ASSETCATALOG_COMPILER_APPICON_NAME = AppIcon;
				DEVELOPMENT_TEAM = L7987U8NQB;
				INFOPLIST_FILE = musicapplication/Info.plist;
				LD_RUNPATH_SEARCH_PATHS = "$(inherited) @executable_path/Frameworks";
				PRODUCT_BUNDLE_IDENTIFIER = edu.milton.musicapplication;
				PRODUCT_NAME = "$(TARGET_NAME)";
				SWIFT_VERSION = 3.0;
			};
			name = Debug;
		};
		8033E3601EA4F1EF00117725 /* Release */ = {
			isa = XCBuildConfiguration;
			buildSettings = {
				ASSETCATALOG_COMPILER_APPICON_NAME = AppIcon;
				DEVELOPMENT_TEAM = L7987U8NQB;
				INFOPLIST_FILE = musicapplication/Info.plist;
				LD_RUNPATH_SEARCH_PATHS = "$(inherited) @executable_path/Frameworks";
				PRODUCT_BUNDLE_IDENTIFIER = edu.milton.musicapplication;
				PRODUCT_NAME = "$(TARGET_NAME)";
				SWIFT_VERSION = 3.0;
			};
			name = Release;
		};
		8033E3621EA4F1EF00117725 /* Debug */ = {
			isa = XCBuildConfiguration;
			buildSettings = {
				ALWAYS_EMBED_SWIFT_STANDARD_LIBRARIES = YES;
				BUNDLE_LOADER = "$(TEST_HOST)";
				DEVELOPMENT_TEAM = L7987U8NQB;
				INFOPLIST_FILE = musicapplicationTests/Info.plist;
				LD_RUNPATH_SEARCH_PATHS = "$(inherited) @executable_path/Frameworks @loader_path/Frameworks";
				PRODUCT_BUNDLE_IDENTIFIER = edu.milton.musicapplicationTests;
				PRODUCT_NAME = "$(TARGET_NAME)";
				SWIFT_VERSION = 3.0;
				TEST_HOST = "$(BUILT_PRODUCTS_DIR)/musicapplication.app/musicapplication";
			};
			name = Debug;
		};
		8033E3631EA4F1EF00117725 /* Release */ = {
			isa = XCBuildConfiguration;
			buildSettings = {
				ALWAYS_EMBED_SWIFT_STANDARD_LIBRARIES = YES;
				BUNDLE_LOADER = "$(TEST_HOST)";
				DEVELOPMENT_TEAM = L7987U8NQB;
				INFOPLIST_FILE = musicapplicationTests/Info.plist;
				LD_RUNPATH_SEARCH_PATHS = "$(inherited) @executable_path/Frameworks @loader_path/Frameworks";
				PRODUCT_BUNDLE_IDENTIFIER = edu.milton.musicapplicationTests;
				PRODUCT_NAME = "$(TARGET_NAME)";
				SWIFT_VERSION = 3.0;
				TEST_HOST = "$(BUILT_PRODUCTS_DIR)/musicapplication.app/musicapplication";
			};
			name = Release;
		};
		8033E3651EA4F1EF00117725 /* Debug */ = {
			isa = XCBuildConfiguration;
			buildSettings = {
				ALWAYS_EMBED_SWIFT_STANDARD_LIBRARIES = YES;
				DEVELOPMENT_TEAM = L7987U8NQB;
				INFOPLIST_FILE = musicapplicationUITests/Info.plist;
				LD_RUNPATH_SEARCH_PATHS = "$(inherited) @executable_path/Frameworks @loader_path/Frameworks";
				PRODUCT_BUNDLE_IDENTIFIER = edu.milton.musicapplicationUITests;
				PRODUCT_NAME = "$(TARGET_NAME)";
				SWIFT_VERSION = 3.0;
				TEST_TARGET_NAME = musicapplication;
			};
			name = Debug;
		};
		8033E3661EA4F1EF00117725 /* Release */ = {
			isa = XCBuildConfiguration;
			buildSettings = {
				ALWAYS_EMBED_SWIFT_STANDARD_LIBRARIES = YES;
				DEVELOPMENT_TEAM = L7987U8NQB;
				INFOPLIST_FILE = musicapplicationUITests/Info.plist;
				LD_RUNPATH_SEARCH_PATHS = "$(inherited) @executable_path/Frameworks @loader_path/Frameworks";
				PRODUCT_BUNDLE_IDENTIFIER = edu.milton.musicapplicationUITests;
				PRODUCT_NAME = "$(TARGET_NAME)";
				SWIFT_VERSION = 3.0;
				TEST_TARGET_NAME = musicapplication;
			};
			name = Release;
		};
/* End XCBuildConfiguration section */

/* Begin XCConfigurationList section */
		8033E32D1EA4F1EE00117725 /* Build configuration list for PBXProject "musicapplication" */ = {
			isa = XCConfigurationList;
			buildConfigurations = (
				8033E35C1EA4F1EF00117725 /* Debug */,
				8033E35D1EA4F1EF00117725 /* Release */,
			);
			defaultConfigurationIsVisible = 0;
			defaultConfigurationName = Release;
		};
		8033E35E1EA4F1EF00117725 /* Build configuration list for PBXNativeTarget "musicapplication" */ = {
			isa = XCConfigurationList;
			buildConfigurations = (
				8033E35F1EA4F1EF00117725 /* Debug */,
				8033E3601EA4F1EF00117725 /* Release */,
			);
			defaultConfigurationIsVisible = 0;
		};
		8033E3611EA4F1EF00117725 /* Build configuration list for PBXNativeTarget "musicapplicationTests" */ = {
			isa = XCConfigurationList;
			buildConfigurations = (
				8033E3621EA4F1EF00117725 /* Debug */,
				8033E3631EA4F1EF00117725 /* Release */,
			);
			defaultConfigurationIsVisible = 0;
		};
		8033E3641EA4F1EF00117725 /* Build configuration list for PBXNativeTarget "musicapplicationUITests" */ = {
			isa = XCConfigurationList;
			buildConfigurations = (
				8033E3651EA4F1EF00117725 /* Debug */,
				8033E3661EA4F1EF00117725 /* Release */,
			);
			defaultConfigurationIsVisible = 0;
		};
/* End XCConfigurationList section */
	};
	rootObject = 8033E32A1EA4F1EE00117725 /* Project object */;
}
